
Microsoft Visual Studio Solution File, Format Version 12.00
# Visual Studio Version 16
VisualStudioVersion = 16.0.31410.357
MinimumVisualStudioVersion = 10.0.40219.1
Project("{FAE04EC0-301F-11D3-BF4B-00C04F79EFBC}") = "RestApiTask", "RestApiTask\RestApiTask.csproj", "{CE85E0F6-F355-4CF9-867E-97EB04718611}"
EndProject
Global
	GlobalSection(SolutionConfigurationPlatforms) = preSolution
		Debug|Any CPU = Debug|Any CPU
		Release|Any CPU = Release|Any CPU
	EndGlobalSection
	GlobalSection(ProjectConfigurationPlatforms) = postSolution
		{CE85E0F6-F355-4CF9-867E-97EB04718611}.Debug|Any CPU.ActiveCfg = Debug|Any CPU
		{CE85E0F6-F355-4CF9-867E-97EB04718611}.Debug|Any CPU.Build.0 = Debug|Any CPU
		{CE85E0F6-F355-4CF9-867E-97EB04718611}.Release|Any CPU.ActiveCfg = Release|Any CPU
		{CE85E0F6-F355-4CF9-867E-97EB04718611}.Release|Any CPU.Build.0 = Release|Any CPU
	EndGlobalSection
	GlobalSection(SolutionProperties) = preSolution
		HideSolutionNode = FALSE
	EndGlobalSection
	GlobalSection(ExtensibilityGlobals) = postSolution
		SolutionGuid = {8F62BF8F-1869-482B-B22E-0468087FF7B1}
	EndGlobalSection
EndGlobal
